
Microsoft Visual Studio Solution File, Format Version 12.00
# Visual Studio 15
VisualStudioVersion = 15.0.27428.2015
MinimumVisualStudioVersion = 10.0.40219.1
Project("{FAE04EC0-301F-11D3-BF4B-00C04F79EFBC}") = "FileSharePath", "FileSharePath\FileSharePath.csproj", "{B50009D0-BF2E-441F-A160-FC90B11C3772}"
EndProject
Global
	GlobalSection(SolutionConfigurationPlatforms) = preSolution
		Debug|Any CPU = Debug|Any CPU
		Release|Any CPU = Release|Any CPU
	EndGlobalSection
	GlobalSection(ProjectConfigurationPlatforms) = postSolution
		{B50009D0-BF2E-441F-A160-FC90B11C3772}.Debug|Any CPU.ActiveCfg = Debug|Any CPU
		{B50009D0-BF2E-441F-A160-FC90B11C3772}.Debug|Any CPU.Build.0 = Debug|Any CPU
		{B50009D0-BF2E-441F-A160-FC90B11C3772}.Release|Any CPU.ActiveCfg = Release|Any CPU
		{B50009D0-BF2E-441F-A160-FC90B11C3772}.Release|Any CPU.Build.0 = Release|Any CPU
	EndGlobalSection
	GlobalSection(SolutionProperties) = preSolution
		HideSolutionNode = FALSE
	EndGlobalSection
	GlobalSection(ExtensibilityGlobals) = postSolution
		SolutionGuid = {948E442A-A1EC-4C15-9F26-A4021C9C341B}
	EndGlobalSection
EndGlobal
